{
  "name": "API-layer",
  "lockfileVersion": 3,
  "requires": true,
  "packages": {
    "": {
      "dependencies": {
        "@tauri-apps/api": "^2.4.1"
      }
    },
    "node_modules/@tauri-apps/api": {
      "version": "2.4.1",
      "resolved": "https://registry.npmjs.org/@tauri-apps/api/-/api-2.4.1.tgz",
      "integrity": "sha512-5sYwZCSJb6PBGbBL4kt7CnE5HHbBqwH+ovmOW6ZVju3nX4E3JX6tt2kRklFEH7xMOIwR0btRkZktuLhKvyEQYg==",
      "license": "Apache-2.0 OR MIT",
      "funding": {
        "type": "opencollective",
        "url": "https://opencollective.com/tauri"
      }
    }
  }
}
